{
    "requires": true,
    "lockfileVersion": 1,
    "dependencies": {
        "liquibase": {
            "version": "1.0.1",
            "resolved": "https://registry.npmjs.org/liquibase/-/liquibase-1.0.1.tgz",
            "integrity": "sha512-P3cs1gbPNWgDC7asvAV3/xFsq3OhppwNBNXEI0+QGQ9DsTG0TZSwJfUJAKJT9V9UqeGU165rwQKNlWZe6RYu2w=="
        }
    }
}
